
Microsoft Visual Studio Solution File, Format Version 12.00
# Visual Studio 2012
Project("{FAE04EC0-301F-11D3-BF4B-00C04F79EFBC}") = "CodeSharper", "CodeSharper\CodeSharper.csproj", "{80AB6A1A-87AF-4439-A0FD-9141C0E2E6B8}"
EndProject
Project("{FAE04EC0-301F-11D3-BF4B-00C04F79EFBC}") = "CodeSharper.Tests", "CodeSharper.Tests\CodeSharper.Tests.csproj", "{97362867-F739-4D57-8BFF-1F1166BEDF7B}"
EndProject
Global
	GlobalSection(SolutionConfigurationPlatforms) = preSolution
		Debug|Any CPU = Debug|Any CPU
		Release|Any CPU = Release|Any CPU
	EndGlobalSection
	GlobalSection(ProjectConfigurationPlatforms) = postSolution
		{80AB6A1A-87AF-4439-A0FD-9141C0E2E6B8}.Debug|Any CPU.ActiveCfg = Debug|Any CPU
		{80AB6A1A-87AF-4439-A0FD-9141C0E2E6B8}.Debug|Any CPU.Build.0 = Debug|Any CPU
		{80AB6A1A-87AF-4439-A0FD-9141C0E2E6B8}.Release|Any CPU.ActiveCfg = Release|Any CPU
		{80AB6A1A-87AF-4439-A0FD-9141C0E2E6B8}.Release|Any CPU.Build.0 = Release|Any CPU
		{97362867-F739-4D57-8BFF-1F1166BEDF7B}.Debug|Any CPU.ActiveCfg = Debug|Any CPU
		{97362867-F739-4D57-8BFF-1F1166BEDF7B}.Debug|Any CPU.Build.0 = Debug|Any CPU
		{97362867-F739-4D57-8BFF-1F1166BEDF7B}.Release|Any CPU.ActiveCfg = Release|Any CPU
		{97362867-F739-4D57-8BFF-1F1166BEDF7B}.Release|Any CPU.Build.0 = Release|Any CPU
	EndGlobalSection
	GlobalSection(SolutionProperties) = preSolution
		HideSolutionNode = FALSE
	EndGlobalSection
EndGlobal
