
Microsoft Visual Studio Solution File, Format Version 12.00
# Visual Studio 2013
VisualStudioVersion = 12.0.30501.0
MinimumVisualStudioVersion = 10.0.40219.1
Project("{2150E333-8FDC-42A3-9474-1A3956D46DE8}") = "Source", "Source", "{C211423A-1727-4C32-AEEC-73A320BA4109}"
EndProject
Project("{2150E333-8FDC-42A3-9474-1A3956D46DE8}") = "Tests", "Tests", "{B044F4A8-0613-4932-93D0-C47368529721}"
EndProject
Project("{FAE04EC0-301F-11D3-BF4B-00C04F79EFBC}") = "CodeSharper.Core", "..\src\CodeSharper.Core\CodeSharper.Core.csproj", "{794268E8-3ECB-4D3A-99D8-9C310C8FD583}"
EndProject
Project("{FAE04EC0-301F-11D3-BF4B-00C04F79EFBC}") = "CodeSharper.Tests.Core", "..\tests\CodeSharper.Tests.Core\CodeSharper.Tests.Core.csproj", "{7EDCB4D6-C2A7-400F-9AE0-EB5D1C227E58}"
EndProject
Project("{FAE04EC0-301F-11D3-BF4B-00C04F79EFBC}") = "CodeSharper.Tests", "..\tests\CodeSharper.Tests\CodeSharper.Tests.csproj", "{27BC9728-DB64-4D00-87FE-721AFCFF5701}"
EndProject
Project("{FAE04EC0-301F-11D3-BF4B-00C04F79EFBC}") = "CodeSharper.Interpreter", "..\src\CodeSharper.Interpreter\CodeSharper.Interpreter.csproj", "{35259875-D91E-4F40-95A3-879C80CF5F98}"
EndProject
Project("{FAE04EC0-301F-11D3-BF4B-00C04F79EFBC}") = "CodeSharper.Tests.Interpreter", "..\tests\CodeSharper.Tests.Interpreter\CodeSharper.Tests.Interpreter.csproj", "{859BE24F-7361-4549-8145-9D5D0B0048D1}"
EndProject
Project("{FAE04EC0-301F-11D3-BF4B-00C04F79EFBC}") = "CodeSharper.Languages", "..\src\CodeSharper.Languages\CodeSharper.Languages.csproj", "{88782320-E761-4273-907A-21C2FA813150}"
EndProject
Project("{FAE04EC0-301F-11D3-BF4B-00C04F79EFBC}") = "CodeSharper.Tests.Languages", "..\tests\CodeSharper.Tests.Languages\CodeSharper.Tests.Languages.csproj", "{B83CAE62-BB24-49F1-818E-F0BBBC114306}"
EndProject
Project("{2150E333-8FDC-42A3-9474-1A3956D46DE8}") = "Demo", "Demo", "{5B6C96B4-F05E-4863-9767-F0DA55A506DB}"
EndProject
Project("{FAE04EC0-301F-11D3-BF4B-00C04F79EFBC}") = "CodeSharper.Playground.CLI", "..\demos\CodeSharper.App.CLI\CodeSharper.Playground.CLI.csproj", "{A3C4DE5C-38E8-444C-9963-349AF1080C70}"
EndProject
Project("{2150E333-8FDC-42A3-9474-1A3956D46DE8}") = "Configuration", "Configuration", "{6EF9D75F-4DFA-4BA8-9577-55BBA60CC1DF}"
	ProjectSection(SolutionItems) = preProject
		..\tests\Configurations\descriptors.json = ..\tests\Configurations\descriptors.json
	EndProjectSection
EndProject
Project("{FAE04EC0-301F-11D3-BF4B-00C04F79EFBC}") = "CodeSharper.Playground.GUI", "..\demos\CodeSharper.Playground.GUI\CodeSharper.Playground.GUI.csproj", "{5A2393BB-C6B6-4E5C-9F13-08628AD5FA02}"
EndProject
Global
	GlobalSection(SolutionConfigurationPlatforms) = preSolution
		Debug|Any CPU = Debug|Any CPU
		Debug|x64 = Debug|x64
		Release|Any CPU = Release|Any CPU
		Release|x64 = Release|x64
	EndGlobalSection
	GlobalSection(ProjectConfigurationPlatforms) = postSolution
		{794268E8-3ECB-4D3A-99D8-9C310C8FD583}.Debug|Any CPU.ActiveCfg = Debug|Any CPU
		{794268E8-3ECB-4D3A-99D8-9C310C8FD583}.Debug|Any CPU.Build.0 = Debug|Any CPU
		{794268E8-3ECB-4D3A-99D8-9C310C8FD583}.Debug|x64.ActiveCfg = Debug|x64
		{794268E8-3ECB-4D3A-99D8-9C310C8FD583}.Debug|x64.Build.0 = Debug|x64
		{794268E8-3ECB-4D3A-99D8-9C310C8FD583}.Release|Any CPU.ActiveCfg = Release|Any CPU
		{794268E8-3ECB-4D3A-99D8-9C310C8FD583}.Release|Any CPU.Build.0 = Release|Any CPU
		{794268E8-3ECB-4D3A-99D8-9C310C8FD583}.Release|x64.ActiveCfg = Release|x64
		{794268E8-3ECB-4D3A-99D8-9C310C8FD583}.Release|x64.Build.0 = Release|x64
		{7EDCB4D6-C2A7-400F-9AE0-EB5D1C227E58}.Debug|Any CPU.ActiveCfg = Debug|Any CPU
		{7EDCB4D6-C2A7-400F-9AE0-EB5D1C227E58}.Debug|Any CPU.Build.0 = Debug|Any CPU
		{7EDCB4D6-C2A7-400F-9AE0-EB5D1C227E58}.Debug|x64.ActiveCfg = Debug|x64
		{7EDCB4D6-C2A7-400F-9AE0-EB5D1C227E58}.Debug|x64.Build.0 = Debug|x64
		{7EDCB4D6-C2A7-400F-9AE0-EB5D1C227E58}.Release|Any CPU.ActiveCfg = Release|Any CPU
		{7EDCB4D6-C2A7-400F-9AE0-EB5D1C227E58}.Release|Any CPU.Build.0 = Release|Any CPU
		{7EDCB4D6-C2A7-400F-9AE0-EB5D1C227E58}.Release|x64.ActiveCfg = Release|x64
		{7EDCB4D6-C2A7-400F-9AE0-EB5D1C227E58}.Release|x64.Build.0 = Release|x64
		{27BC9728-DB64-4D00-87FE-721AFCFF5701}.Debug|Any CPU.ActiveCfg = Debug|Any CPU
		{27BC9728-DB64-4D00-87FE-721AFCFF5701}.Debug|Any CPU.Build.0 = Debug|Any CPU
		{27BC9728-DB64-4D00-87FE-721AFCFF5701}.Debug|x64.ActiveCfg = Debug|x64
		{27BC9728-DB64-4D00-87FE-721AFCFF5701}.Debug|x64.Build.0 = Debug|x64
		{27BC9728-DB64-4D00-87FE-721AFCFF5701}.Release|Any CPU.ActiveCfg = Release|Any CPU
		{27BC9728-DB64-4D00-87FE-721AFCFF5701}.Release|Any CPU.Build.0 = Release|Any CPU
		{27BC9728-DB64-4D00-87FE-721AFCFF5701}.Release|x64.ActiveCfg = Release|x64
		{27BC9728-DB64-4D00-87FE-721AFCFF5701}.Release|x64.Build.0 = Release|x64
		{35259875-D91E-4F40-95A3-879C80CF5F98}.Debug|Any CPU.ActiveCfg = Debug|Any CPU
		{35259875-D91E-4F40-95A3-879C80CF5F98}.Debug|Any CPU.Build.0 = Debug|Any CPU
		{35259875-D91E-4F40-95A3-879C80CF5F98}.Debug|x64.ActiveCfg = Debug|x64
		{35259875-D91E-4F40-95A3-879C80CF5F98}.Debug|x64.Build.0 = Debug|x64
		{35259875-D91E-4F40-95A3-879C80CF5F98}.Release|Any CPU.ActiveCfg = Release|Any CPU
		{35259875-D91E-4F40-95A3-879C80CF5F98}.Release|Any CPU.Build.0 = Release|Any CPU
		{35259875-D91E-4F40-95A3-879C80CF5F98}.Release|x64.ActiveCfg = Release|x64
		{35259875-D91E-4F40-95A3-879C80CF5F98}.Release|x64.Build.0 = Release|x64
		{859BE24F-7361-4549-8145-9D5D0B0048D1}.Debug|Any CPU.ActiveCfg = Debug|Any CPU
		{859BE24F-7361-4549-8145-9D5D0B0048D1}.Debug|Any CPU.Build.0 = Debug|Any CPU
		{859BE24F-7361-4549-8145-9D5D0B0048D1}.Debug|x64.ActiveCfg = Debug|x64
		{859BE24F-7361-4549-8145-9D5D0B0048D1}.Debug|x64.Build.0 = Debug|x64
		{859BE24F-7361-4549-8145-9D5D0B0048D1}.Release|Any CPU.ActiveCfg = Release|Any CPU
		{859BE24F-7361-4549-8145-9D5D0B0048D1}.Release|Any CPU.Build.0 = Release|Any CPU
		{859BE24F-7361-4549-8145-9D5D0B0048D1}.Release|x64.ActiveCfg = Release|x64
		{859BE24F-7361-4549-8145-9D5D0B0048D1}.Release|x64.Build.0 = Release|x64
		{88782320-E761-4273-907A-21C2FA813150}.Debug|Any CPU.ActiveCfg = Debug|Any CPU
		{88782320-E761-4273-907A-21C2FA813150}.Debug|Any CPU.Build.0 = Debug|Any CPU
		{88782320-E761-4273-907A-21C2FA813150}.Debug|x64.ActiveCfg = Debug|x64
		{88782320-E761-4273-907A-21C2FA813150}.Debug|x64.Build.0 = Debug|x64
		{88782320-E761-4273-907A-21C2FA813150}.Release|Any CPU.ActiveCfg = Release|Any CPU
		{88782320-E761-4273-907A-21C2FA813150}.Release|Any CPU.Build.0 = Release|Any CPU
		{88782320-E761-4273-907A-21C2FA813150}.Release|x64.ActiveCfg = Release|x64
		{88782320-E761-4273-907A-21C2FA813150}.Release|x64.Build.0 = Release|x64
		{B83CAE62-BB24-49F1-818E-F0BBBC114306}.Debug|Any CPU.ActiveCfg = Debug|Any CPU
		{B83CAE62-BB24-49F1-818E-F0BBBC114306}.Debug|Any CPU.Build.0 = Debug|Any CPU
		{B83CAE62-BB24-49F1-818E-F0BBBC114306}.Debug|x64.ActiveCfg = Debug|x64
		{B83CAE62-BB24-49F1-818E-F0BBBC114306}.Debug|x64.Build.0 = Debug|x64
		{B83CAE62-BB24-49F1-818E-F0BBBC114306}.Release|Any CPU.ActiveCfg = Release|Any CPU
		{B83CAE62-BB24-49F1-818E-F0BBBC114306}.Release|Any CPU.Build.0 = Release|Any CPU
		{B83CAE62-BB24-49F1-818E-F0BBBC114306}.Release|x64.ActiveCfg = Release|x64
		{B83CAE62-BB24-49F1-818E-F0BBBC114306}.Release|x64.Build.0 = Release|x64
		{A3C4DE5C-38E8-444C-9963-349AF1080C70}.Debug|Any CPU.ActiveCfg = Debug|Any CPU
		{A3C4DE5C-38E8-444C-9963-349AF1080C70}.Debug|Any CPU.Build.0 = Debug|Any CPU
		{A3C4DE5C-38E8-444C-9963-349AF1080C70}.Debug|x64.ActiveCfg = Debug|x64
		{A3C4DE5C-38E8-444C-9963-349AF1080C70}.Debug|x64.Build.0 = Debug|x64
		{A3C4DE5C-38E8-444C-9963-349AF1080C70}.Release|Any CPU.ActiveCfg = Release|Any CPU
		{A3C4DE5C-38E8-444C-9963-349AF1080C70}.Release|Any CPU.Build.0 = Release|Any CPU
		{A3C4DE5C-38E8-444C-9963-349AF1080C70}.Release|x64.ActiveCfg = Release|x64
		{A3C4DE5C-38E8-444C-9963-349AF1080C70}.Release|x64.Build.0 = Release|x64
		{5A2393BB-C6B6-4E5C-9F13-08628AD5FA02}.Debug|Any CPU.ActiveCfg = Debug|Any CPU
		{5A2393BB-C6B6-4E5C-9F13-08628AD5FA02}.Debug|Any CPU.Build.0 = Debug|Any CPU
		{5A2393BB-C6B6-4E5C-9F13-08628AD5FA02}.Debug|x64.ActiveCfg = Debug|x64
		{5A2393BB-C6B6-4E5C-9F13-08628AD5FA02}.Debug|x64.Build.0 = Debug|x64
		{5A2393BB-C6B6-4E5C-9F13-08628AD5FA02}.Release|Any CPU.ActiveCfg = Release|Any CPU
		{5A2393BB-C6B6-4E5C-9F13-08628AD5FA02}.Release|Any CPU.Build.0 = Release|Any CPU
		{5A2393BB-C6B6-4E5C-9F13-08628AD5FA02}.Release|x64.ActiveCfg = Release|x64
		{5A2393BB-C6B6-4E5C-9F13-08628AD5FA02}.Release|x64.Build.0 = Release|x64
	EndGlobalSection
	GlobalSection(SolutionProperties) = preSolution
		HideSolutionNode = FALSE
	EndGlobalSection
	GlobalSection(NestedProjects) = preSolution
		{794268E8-3ECB-4D3A-99D8-9C310C8FD583} = {C211423A-1727-4C32-AEEC-73A320BA4109}
		{7EDCB4D6-C2A7-400F-9AE0-EB5D1C227E58} = {B044F4A8-0613-4932-93D0-C47368529721}
		{27BC9728-DB64-4D00-87FE-721AFCFF5701} = {B044F4A8-0613-4932-93D0-C47368529721}
		{35259875-D91E-4F40-95A3-879C80CF5F98} = {C211423A-1727-4C32-AEEC-73A320BA4109}
		{859BE24F-7361-4549-8145-9D5D0B0048D1} = {B044F4A8-0613-4932-93D0-C47368529721}
		{88782320-E761-4273-907A-21C2FA813150} = {C211423A-1727-4C32-AEEC-73A320BA4109}
		{B83CAE62-BB24-49F1-818E-F0BBBC114306} = {B044F4A8-0613-4932-93D0-C47368529721}
		{A3C4DE5C-38E8-444C-9963-349AF1080C70} = {5B6C96B4-F05E-4863-9767-F0DA55A506DB}
		{6EF9D75F-4DFA-4BA8-9577-55BBA60CC1DF} = {B044F4A8-0613-4932-93D0-C47368529721}
		{5A2393BB-C6B6-4E5C-9F13-08628AD5FA02} = {5B6C96B4-F05E-4863-9767-F0DA55A506DB}
	EndGlobalSection
EndGlobal
